Microsoft Visual Studio Solution File, Format Version 12.00
# Visual Studio 15
VisualStudioVersion = 15.0.26720.2
MinimumVisualStudioVersion = 15.0.26124.0
Project("{9A19103F-16F7-4668-BE54-9A1E7A4F7556}") = "ReadFromArduino", "ReadFromArduino\ReadFromArduino.csproj", "{D18D78D2-0004-410E-909C-2D1F065C30A7}"
EndProject
Project("{9A19103F-16F7-4668-BE54-9A1E7A4F7556}") = "ReadSerialInputFromUSB", "ReadSerialInputFromUSB\ReadSerialInputFromUSB.csproj", "{7D522CE4-71C9-477E-8575-3A50EEAB2D58}"
EndProject
Global
	GlobalSection(SolutionConfigurationPlatforms) = preSolution
		Debug|Any CPU = Debug|Any CPU
		Debug|x64 = Debug|x64
		Debug|x86 = Debug|x86
		Release|Any CPU = Release|Any CPU
		Release|x64 = Release|x64
		Release|x86 = Release|x86
	EndGlobalSection
	GlobalSection(ProjectConfigurationPlatforms) = postSolution
		{D18D78D2-0004-410E-909C-2D1F065C30A7}.Debug|Any CPU.ActiveCfg = Debug|Any CPU
		{D18D78D2-0004-410E-909C-2D1F065C30A7}.Debug|Any CPU.Build.0 = Debug|Any CPU
		{D18D78D2-0004-410E-909C-2D1F065C30A7}.Debug|x64.ActiveCfg = Debug|Any CPU
		{D18D78D2-0004-410E-909C-2D1F065C30A7}.Debug|x64.Build.0 = Debug|Any CPU
		{D18D78D2-0004-410E-909C-2D1F065C30A7}.Debug|x86.ActiveCfg = Debug|Any CPU
		{D18D78D2-0004-410E-909C-2D1F065C30A7}.Debug|x86.Build.0 = Debug|Any CPU
		{D18D78D2-0004-410E-909C-2D1F065C30A7}.Release|Any CPU.ActiveCfg = Release|Any CPU
		{D18D78D2-0004-410E-909C-2D1F065C30A7}.Release|Any CPU.Build.0 = Release|Any CPU
		{D18D78D2-0004-410E-909C-2D1F065C30A7}.Release|x64.ActiveCfg = Release|Any CPU
		{D18D78D2-0004-410E-909C-2D1F065C30A7}.Release|x64.Build.0 = Release|Any CPU
		{D18D78D2-0004-410E-909C-2D1F065C30A7}.Release|x86.ActiveCfg = Release|Any CPU
		{D18D78D2-0004-410E-909C-2D1F065C30A7}.Release|x86.Build.0 = Release|Any CPU
		{7D522CE4-71C9-477E-8575-3A50EEAB2D58}.Debug|Any CPU.ActiveCfg = Debug|Any CPU
		{7D522CE4-71C9-477E-8575-3A50EEAB2D58}.Debug|Any CPU.Build.0 = Debug|Any CPU
		{7D522CE4-71C9-477E-8575-3A50EEAB2D58}.Debug|x64.ActiveCfg = Debug|Any CPU
		{7D522CE4-71C9-477E-8575-3A50EEAB2D58}.Debug|x64.Build.0 = Debug|Any CPU
		{7D522CE4-71C9-477E-8575-3A50EEAB2D58}.Debug|x86.ActiveCfg = Debug|Any CPU
		{7D522CE4-71C9-477E-8575-3A50EEAB2D58}.Debug|x86.Build.0 = Debug|Any CPU
		{7D522CE4-71C9-477E-8575-3A50EEAB2D58}.Release|Any CPU.ActiveCfg = Release|Any CPU
		{7D522CE4-71C9-477E-8575-3A50EEAB2D58}.Release|Any CPU.Build.0 = Release|Any CPU
		{7D522CE4-71C9-477E-8575-3A50EEAB2D58}.Release|x64.ActiveCfg = Release|Any CPU
		{7D522CE4-71C9-477E-8575-3A50EEAB2D58}.Release|x64.Build.0 = Release|Any CPU
		{7D522CE4-71C9-477E-8575-3A50EEAB2D58}.Release|x86.ActiveCfg = Release|Any CPU
		{7D522CE4-71C9-477E-8575-3A50EEAB2D58}.Release|x86.Build.0 = Release|Any CPU
	EndGlobalSection
	GlobalSection(SolutionProperties) = preSolution
		HideSolutionNode = FALSE
	EndGlobalSection
	GlobalSection(ExtensibilityGlobals) = postSolution
		SolutionGuid = {F256D1B7-3896-42FE-ABA5-3C7633FBCCEB}
	EndGlobalSection
EndGlobal
